// !$*UTF8*$!
{
	archiveVersion = 1;
	classes = {
	};
	objectVersion = 50;
	objects = {

/* Begin PBXBuildFile section */
		596E2F6C2254056500CAA511 /* AppDelegate.swift in Sources */ = {isa = PBXBuildFile; fileRef = 596E2F6B2254056500CAA511 /* AppDelegate.swift */; };
		596E2F6E2254056500CAA511 /* ViewController.swift in Sources */ = {isa = PBXBuildFile; fileRef = 596E2F6D2254056500CAA511 /* ViewController.swift */; };
		596E2F712254056500CAA511 /* Main.storyboard in Resources */ = {isa = PBXBuildFile; fileRef = 596E2F6F2254056500CAA511 /* Main.storyboard */; };
		596E2F732254056600CAA511 /* Assets.xcassets in Resources */ = {isa = PBXBuildFile; fileRef = 596E2F722254056600CAA511 /* Assets.xcassets */; };
		596E2F762254056600CAA511 /* LaunchScreen.storyboard in Resources */ = {isa = PBXBuildFile; fileRef = 596E2F742254056600CAA511 /* LaunchScreen.storyboard */; };
		596E2F812254056700CAA511 /* StudentTests.swift in Sources */ = {isa = PBXBuildFile; fileRef = 596E2F802254056700CAA511 /* StudentTests.swift */; };
		596E2F8C2254056700CAA511 /* StudentUITests.swift in Sources */ = {isa = PBXBuildFile; fileRef = 596E2F8B2254056700CAA511 /* StudentUITests.swift */; };
/* End PBXBuildFile section */

/* Begin PBXContainerItemProxy section */
		596E2F7D2254056600CAA511 /* PBXContainerItemProxy */ = {
			isa = PBXContainerItemProxy;
			containerPortal = 596E2F602254056500CAA511 /* Project object */;
			proxyType = 1;
			remoteGlobalIDString = 596E2F672254056500CAA511;
			remoteInfo = Student;
		};
		596E2F882254056700CAA511 /* PBXContainerItemProxy */ = {
			isa = PBXContainerItemProxy;
			containerPortal = 596E2F602254056500CAA511 /* Project object */;
			proxyType = 1;
			remoteGlobalIDString = 596E2F672254056500CAA511;
			remoteInfo = Student;
		};
/* End PBXContainerItemProxy section */

/* Begin PBXFileReference section */
		596E2F682254056500CAA511 /* Student.app */ = {isa = PBXFileReference; explicitFileType = wrapper.application; includeInIndex = 0; path = Student.app; sourceTree = BUILT_PRODUCTS_DIR; };
		596E2F6B2254056500CAA511 /* AppDelegate.swift */ = {isa = PBXFileReference; lastKnownFileType = sourcecode.swift; path = AppDelegate.swift; sourceTree = "<group>"; };
		596E2F6D2254056500CAA511 /* ViewController.swift */ = {isa = PBXFileReference; lastKnownFileType = sourcecode.swift; path = ViewController.swift; sourceTree = "<group>"; };
		596E2F702254056500CAA511 /* Base */ = {isa = PBXFileReference; lastKnownFileType = file.storyboard; name = Base; path = Base.lproj/Main.storyboard; sourceTree = "<group>"; };
		596E2F722254056600CAA511 /* Assets.xcassets */ = {isa = PBXFileReference; lastKnownFileType = folder.assetcatalog; path = Assets.xcassets; sourceTree = "<group>"; };
		596E2F752254056600CAA511 /* Base */ = {isa = PBXFileReference; lastKnownFileType = file.storyboard; name = Base; path = Base.lproj/LaunchScreen.storyboard; sourceTree = "<group>"; };
		596E2F772254056600CAA511 /* Info.plist */ = {isa = PBXFileReference; lastKnownFileType = text.plist.xml; path = Info.plist; sourceTree = "<group>"; };
		596E2F7C2254056600CAA511 /* StudentTests.xctest */ = {isa = PBXFileReference; explicitFileType = wrapper.cfbundle; includeInIndex = 0; path = StudentTests.xctest; sourceTree = BUILT_PRODUCTS_DIR; };
		596E2F802254056700CAA511 /* StudentTests.swift */ = {isa = PBXFileReference; lastKnownFileType = sourcecode.swift; path = StudentTests.swift; sourceTree = "<group>"; };
		596E2F822254056700CAA511 /* Info.plist */ = {isa = PBXFileReference; lastKnownFileType = text.plist.xml; path = Info.plist; sourceTree = "<group>"; };
		596E2F872254056700CAA511 /* StudentUITests.xctest */ = {isa = PBXFileReference; explicitFileType = wrapper.cfbundle; includeInIndex = 0; path = StudentUITests.xctest; sourceTree = BUILT_PRODUCTS_DIR; };
		596E2F8B2254056700CAA511 /* StudentUITests.swift */ = {isa = PBXFileReference; lastKnownFileType = sourcecode.swift; path = StudentUITests.swift; sourceTree = "<group>"; };
		596E2F8D2254056700CAA511 /* Info.plist */ = {isa = PBXFileReference; lastKnownFileType = text.plist.xml; path = Info.plist; sourceTree = "<group>"; };
/* End PBXFileReference section */

/* Begin PBXFrameworksBuildPhase section */
		596E2F652254056500CAA511 /* Frameworks */ = {
			isa = PBXFrameworksBuildPhase;
			buildActionMask = 2147483647;
			files = (
			);
			runOnlyForDeploymentPostprocessing = 0;
		};
		596E2F792254056600CAA511 /* Frameworks */ = {
			isa = PBXFrameworksBuildPhase;
			buildActionMask = 2147483647;
			files = (
			);
			runOnlyForDeploymentPostprocessing = 0;
		};
		596E2F842254056700CAA511 /* Frameworks */ = {
			isa = PBXFrameworksBuildPhase;
			buildActionMask = 2147483647;
			files = (
			);
			runOnlyForDeploymentPostprocessing = 0;
		};
/* End PBXFrameworksBuildPhase section */

/* Begin PBXGroup section */
		596E2F5F2254056500CAA511 = {
			isa = PBXGroup;
			children = (
				596E2F6A2254056500CAA511 /* Student */,
				596E2F7F2254056600CAA511 /* StudentTests */,
				596E2F8A2254056700CAA511 /* StudentUITests */,
				596E2F692254056500CAA511 /* Products */,
			);
			sourceTree = "<group>";
		};
		596E2F692254056500CAA511 /* Products */ = {
			isa = PBXGroup;
			children = (
				596E2F682254056500CAA511 /* Student.app */,
				596E2F7C2254056600CAA511 /* StudentTests.xctest */,
				596E2F872254056700CAA511 /* StudentUITests.xctest */,
			);
			name = Products;
			sourceTree = "<group>";
		};
		596E2F6A2254056500CAA511 /* Student */ = {
			isa = PBXGroup;
			children = (
				596E2F6B2254056500CAA511 /* AppDelegate.swift */,
				596E2F6D2254056500CAA511 /* ViewController.swift */,
				596E2F6F2254056500CAA511 /* Main.storyboard */,
				596E2F722254056600CAA511 /* Assets.xcassets */,
				596E2F742254056600CAA511 /* LaunchScreen.storyboard */,
				596E2F772254056600CAA511 /* Info.plist */,
			);
			path = Student;
			sourceTree = "<group>";
		};
		596E2F7F2254056600CAA511 /* StudentTests */ = {
			isa = PBXGroup;
			children = (
				596E2F802254056700CAA511 /* StudentTests.swift */,
				596E2F822254056700CAA511 /* Info.plist */,
			);
			path = StudentTests;
			sourceTree = "<group>";
		};
		596E2F8A2254056700CAA511 /* StudentUITests */ = {
			isa = PBXGroup;
			children = (
				596E2F8B2254056700CAA511 /* StudentUITests.swift */,
				596E2F8D2254056700CAA511 /* Info.plist */,
			);
			path = StudentUITests;
			sourceTree = "<group>";
		};
/* End PBXGroup section */

/* Begin PBXNativeTarget section */
		596E2F672254056500CAA511 /* Student */ = {
			isa = PBXNativeTarget;
			buildConfigurationList = 596E2F902254056700CAA511 /* Build configuration list for PBXNativeTarget "Student" */;
			buildPhases = (
				596E2F642254056500CAA511 /* Sources */,
				596E2F652254056500CAA511 /* Frameworks */,
				596E2F662254056500CAA511 /* Resources */,
			);
			buildRules = (
			);
			dependencies = (
			);
			name = Student;
			productName = Student;
			productReference = 596E2F682254056500CAA511 /* Student.app */;
			productType = "com.apple.product-type.application";
		};
		596E2F7B2254056600CAA511 /* StudentTests */ = {
			isa = PBXNativeTarget;
			buildConfigurationList = 596E2F932254056700CAA511 /* Build configuration list for PBXNativeTarget "StudentTests" */;
			buildPhases = (
				596E2F782254056600CAA511 /* Sources */,
				596E2F792254056600CAA511 /* Frameworks */,
				596E2F7A2254056600CAA511 /* Resources */,
			);
			buildRules = (
			);
			dependencies = (
				596E2F7E2254056600CAA511 /* PBXTargetDependency */,
			);
			name = StudentTests;
			productName = StudentTests;
			productReference = 596E2F7C2254056600CAA511 /* StudentTests.xctest */;
			productType = "com.apple.product-type.bundle.unit-test";
		};
		596E2F862254056700CAA511 /* StudentUITests */ = {
			isa = PBXNativeTarget;
			buildConfigurationList = 596E2F962254056700CAA511 /* Build configuration list for PBXNativeTarget "StudentUITests" */;
			buildPhases = (
				596E2F832254056700CAA511 /* Sources */,
				596E2F842254056700CAA511 /* Frameworks */,
				596E2F852254056700CAA511 /* Resources */,
			);
			buildRules = (
			);
			dependencies = (
				596E2F892254056700CAA511 /* PBXTargetDependency */,
			);
			name = StudentUITests;
			productName = StudentUITests;
			productReference = 596E2F872254056700CAA511 /* StudentUITests.xctest */;
			productType = "com.apple.product-type.bundle.ui-testing";
		};
/* End PBXNativeTarget section */

/* Begin PBXProject section */
		596E2F602254056500CAA511 /* Project object */ = {
			isa = PBXProject;
			attributes = {
				LastSwiftUpdateCheck = 1020;
				LastUpgradeCheck = 1020;
				ORGANIZATIONNAME = "Canadore college";
				TargetAttributes = {
					596E2F672254056500CAA511 = {
						CreatedOnToolsVersion = 10.2;
					};
					596E2F7B2254056600CAA511 = {
						CreatedOnToolsVersion = 10.2;
						TestTargetID = 596E2F672254056500CAA511;
					};
					596E2F862254056700CAA511 = {
						CreatedOnToolsVersion = 10.2;
						TestTargetID = 596E2F672254056500CAA511;
					};
				};
			};
			buildConfigurationList = 596E2F632254056500CAA511 /* Build configuration list for PBXProject "Student" */;
			compatibilityVersion = "Xcode 9.3";
			developmentRegion = en;
			hasScannedForEncodings = 0;
			knownRegions = (
				en,
				Base,
			);
			mainGroup = 596E2F5F2254056500CAA511;
			productRefGroup = 596E2F692254056500CAA511 /* Products */;
			projectDirPath = "";
			projectRoot = "";
			targets = (
				596E2F672254056500CAA511 /* Student */,
				596E2F7B2254056600CAA511 /* StudentTests */,
				596E2F862254056700CAA511 /* StudentUITests */,
			);
		};
/* End PBXProject section */

/* Begin PBXResourcesBuildPhase section */
		596E2F662254056500CAA511 /* Resources */ = {
			isa = PBXResourcesBuildPhase;
			buildActionMask = 2147483647;
			files = (
				596E2F762254056600CAA511 /* LaunchScreen.storyboard in Resources */,
				596E2F732254056600CAA511 /* Assets.xcassets in Resources */,
				596E2F712254056500CAA511 /* Main.storyboard in Resources */,
			);
			runOnlyForDeploymentPostprocessing = 0;
		};
		596E2F7A2254056600CAA511 /* Resources */ = {
			isa = PBXResourcesBuildPhase;
			buildActionMask = 2147483647;
			files = (
			);
			runOnlyForDeploymentPostprocessing = 0;
		};
		596E2F852254056700CAA511 /* Resources */ = {
			isa = PBXResourcesBuildPhase;
			buildActionMask = 2147483647;
			files = (
			);
			runOnlyForDeploymentPostprocessing = 0;
		};
/* End PBXResourcesBuildPhase section */

/* Begin PBXSourcesBuildPhase section */
		596E2F642254056500CAA511 /* Sources */ = {
			isa = PBXSourcesBuildPhase;
			buildActionMask = 2147483647;
			files = (
				596E2F6E2254056500CAA511 /* ViewController.swift in Sources */,
				596E2F6C2254056500CAA511 /* AppDelegate.swift in Sources */,
			);
			runOnlyForDeploymentPostprocessing = 0;
		};
		596E2F782254056600CAA511 /* Sources */ = {
			isa = PBXSourcesBuildPhase;
			buildActionMask = 2147483647;
			files = (
				596E2F812254056700CAA511 /* StudentTests.swift in Sources */,
			);
			runOnlyForDeploymentPostprocessing = 0;
		};
		596E2F832254056700CAA511 /* Sources */ = {
			isa = PBXSourcesBuildPhase;
			buildActionMask = 2147483647;
			files = (
				596E2F8C2254056700CAA511 /* StudentUITests.swift in Sources */,
			);
			runOnlyForDeploymentPostprocessing = 0;
		};
/* End PBXSourcesBuildPhase section */

/* Begin PBXTargetDependency section */
		596E2F7E2254056600CAA511 /* PBXTargetDependency */ = {
			isa = PBXTargetDependency;
			target = 596E2F672254056500CAA511 /* Student */;
			targetProxy = 596E2F7D2254056600CAA511 /* PBXContainerItemProxy */;
		};
		596E2F892254056700CAA511 /* PBXTargetDependency */ = {
			isa = PBXTargetDependency;
			target = 596E2F672254056500CAA511 /* Student */;
			targetProxy = 596E2F882254056700CAA511 /* PBXContainerItemProxy */;
		};
/* End PBXTargetDependency section */

/* Begin PBXVariantGroup section */
		596E2F6F2254056500CAA511 /* Main.storyboard */ = {
			isa = PBXVariantGroup;
			children = (
				596E2F702254056500CAA511 /* Base */,
			);
			name = Main.storyboard;
			sourceTree = "<group>";
		};
		596E2F742254056600CAA511 /* LaunchScreen.storyboard */ = {
			isa = PBXVariantGroup;
			children = (
				596E2F752254056600CAA511 /* Base */,
			);
			name = LaunchScreen.storyboard;
			sourceTree = "<group>";
		};
/* End PBXVariantGroup section */

/* Begin XCBuildConfiguration section */
		596E2F8E2254056700CAA511 /* Debug */ = {
			isa = XCBuildConfiguration;
			buildSettings = {
				ALWAYS_SEARCH_USER_PATHS = NO;
				CLANG_ANALYZER_NONNULL = YES;
				CLANG_ANALYZER_NUMBER_OBJECT_CONVERSION = YES_AGGRESSIVE;
				CLANG_CXX_LANGUAGE_STANDARD = "gnu++14";
				CLANG_CXX_LIBRARY = "libc++";
				CLANG_ENABLE_MODULES = YES;
				CLANG_ENABLE_OBJC_ARC = YES;
				CLANG_ENABLE_OBJC_WEAK = YES;
				CLANG_WARN_BLOCK_CAPTURE_AUTORELEASING = YES;
				CLANG_WARN_BOOL_CONVERSION = YES;
				CLANG_WARN_COMMA = YES;
				CLANG_WARN_CONSTANT_CONVERSION = YES;
				CLANG_WARN_DEPRECATED_OBJC_IMPLEMENTATIONS = YES;
				CLANG_WARN_DIRECT_OBJC_ISA_USAGE = YES_ERROR;
				CLANG_WARN_DOCUMENTATION_COMMENTS = YES;
				CLANG_WARN_EMPTY_BODY = YES;
				CLANG_WARN_ENUM_CONVERSION = YES;
				CLANG_WARN_INFINITE_RECURSION = YES;
				CLANG_WARN_INT_CONVERSION = YES;
				CLANG_WARN_NON_LITERAL_NULL_CONVERSION = YES;
				CLANG_WARN_OBJC_IMPLICIT_RETAIN_SELF = YES;
				CLANG_WARN_OBJC_LITERAL_CONVERSION = YES;
				CLANG_WARN_OBJC_ROOT_CLASS = YES_ERROR;
				CLANG_WARN_RANGE_LOOP_ANALYSIS = YES;
				CLANG_WARN_STRICT_PROTOTYPES = YES;
				CLANG_WARN_SUSPICIOUS_MOVE = YES;
				CLANG_WARN_UNGUARDED_AVAILABILITY = YES_AGGRESSIVE;
				CLANG_WARN_UNREACHABLE_CODE = YES;
				CLANG_WARN__DUPLICATE_METHOD_MATCH = YES;
				CODE_SIGN_IDENTITY = "iPhone Developer";
				COPY_PHASE_STRIP = NO;
				DEBUG_INFORMATION_FORMAT = dwarf;
				ENABLE_STRICT_OBJC_MSGSEND = YES;
				ENABLE_TESTABILITY = YES;
				GCC_C_LANGUAGE_STANDARD = gnu11;
				GCC_DYNAMIC_NO_PIC = NO;
				GCC_NO_COMMON_BLOCKS = YES;
				GCC_OPTIMIZATION_LEVEL = 0;
				GCC_PREPROCESSOR_DEFINITIONS = (
					"DEBUG=1",
					"$(inherited)",
				);
				GCC_WARN_64_TO_32_BIT_CONVERSION = YES;
				GCC_WARN_ABOUT_RETURN_TYPE = YES_ERROR;
				GCC_WARN_UNDECLARED_SELECTOR = YES;
				GCC_WARN_UNINITIALIZED_AUTOS = YES_AGGRESSIVE;
				GCC_WARN_UNUSED_FUNCTION = YES;
				GCC_WARN_UNUSED_VARIABLE = YES;
				IPHONEOS_DEPLOYMENT_TARGET = 12.2;
				MTL_ENABLE_DEBUG_INFO = INCLUDE_SOURCE;
				MTL_FAST_MATH = YES;
				ONLY_ACTIVE_ARCH = YES;
				SDKROOT = iphoneos;
				SWIFT_ACTIVE_COMPILATION_CONDITIONS = DEBUG;
				SWIFT_OPTIMIZATION_LEVEL = "-Onone";
			};
			name = Debug;
		};
		596E2F8F2254056700CAA511 /* Release */ = {
			isa = XCBuildConfiguration;
			buildSettings = {
				ALWAYS_SEARCH_USER_PATHS = NO;
				CLANG_ANALYZER_NONNULL = YES;
				CLANG_ANALYZER_NUMBER_OBJECT_CONVERSION = YES_AGGRESSIVE;
				CLANG_CXX_LANGUAGE_STANDARD = "gnu++14";
				CLANG_CXX_LIBRARY = "libc++";
				CLANG_ENABLE_MODULES = YES;
				CLANG_ENABLE_OBJC_ARC = YES;
				CLANG_ENABLE_OBJC_WEAK = YES;
				CLANG_WARN_BLOCK_CAPTURE_AUTORELEASING = YES;
				CLANG_WARN_BOOL_CONVERSION = YES;
				CLANG_WARN_COMMA = YES;
				CLANG_WARN_CONSTANT_CONVERSION = YES;
				CLANG_WARN_DEPRECATED_OBJC_IMPLEMENTATIONS = YES;
				CLANG_WARN_DIRECT_OBJC_ISA_USAGE = YES_ERROR;
				CLANG_WARN_DOCUMENTATION_COMMENTS = YES;
				CLANG_WARN_EMPTY_BODY = YES;
				CLANG_WARN_ENUM_CONVERSION = YES;
				CLANG_WARN_INFINITE_RECURSION = YES;
				CLANG_WARN_INT_CONVERSION = YES;
				CLANG_WARN_NON_LITERAL_NULL_CONVERSION = YES;
				CLANG_WARN_OBJC_IMPLICIT_RETAIN_SELF = YES;
				CLANG_WARN_OBJC_LITERAL_CONVERSION = YES;
				CLANG_WARN_OBJC_ROOT_CLASS = YES_ERROR;
				CLANG_WARN_RANGE_LOOP_ANALYSIS = YES;
				CLANG_WARN_STRICT_PROTOTYPES = YES;
				CLANG_WARN_SUSPICIOUS_MOVE = YES;
				CLANG_WARN_UNGUARDED_AVAILABILITY = YES_AGGRESSIVE;
				CLANG_WARN_UNREACHABLE_CODE = YES;
				CLANG_WARN__DUPLICATE_METHOD_MATCH = YES;
				CODE_SIGN_IDENTITY = "iPhone Developer";
				COPY_PHASE_STRIP = NO;
				DEBUG_INFORMATION_FORMAT = "dwarf-with-dsym";
				ENABLE_NS_ASSERTIONS = NO;
				ENABLE_STRICT_OBJC_MSGSEND = YES;
				GCC_C_LANGUAGE_STANDARD = gnu11;
				GCC_NO_COMMON_BLOCKS = YES;
				GCC_WARN_64_TO_32_BIT_CONVERSION = YES;
				GCC_WARN_ABOUT_RETURN_TYPE = YES_ERROR;
				GCC_WARN_UNDECLARED_SELECTOR = YES;
				GCC_WARN_UNINITIALIZED_AUTOS = YES_AGGRESSIVE;
				GCC_WARN_UNUSED_FUNCTION = YES;
				GCC_WARN_UNUSED_VARIABLE = YES;
				IPHONEOS_DEPLOYMENT_TARGET = 12.2;
				MTL_ENABLE_DEBUG_INFO = NO;
				MTL_FAST_MATH = YES;
				SDKROOT = iphoneos;
				SWIFT_COMPILATION_MODE = wholemodule;
				SWIFT_OPTIMIZATION_LEVEL = "-O";
				VALIDATE_PRODUCT = YES;
			};
			name = Release;
		};
		596E2F912254056700CAA511 /* Debug */ = {
			isa = XCBuildConfiguration;
			buildSettings = {
				ASSETCATALOG_COMPILER_APPICON_NAME = AppIcon;
				CODE_SIGN_STYLE = Automatic;
				INFOPLIST_FILE = Student/Info.plist;
				LD_RUNPATH_SEARCH_PATHS = (
					"$(inherited)",
					"@executable_path/Frameworks",
				);
				PRODUCT_BUNDLE_IDENTIFIER = com.scbt.Student;
				PRODUCT_NAME = "$(TARGET_NAME)";
				SWIFT_VERSION = 5.0;
				TARGETED_DEVICE_FAMILY = "1,2";
			};
			name = Debug;
		};
		596E2F922254056700CAA511 /* Release */ = {
			isa = XCBuildConfiguration;
			buildSettings = {
				ASSETCATALOG_COMPILER_APPICON_NAME = AppIcon;
				CODE_SIGN_STYLE = Automatic;
				INFOPLIST_FILE = Student/Info.plist;
				LD_RUNPATH_SEARCH_PATHS = (
					"$(inherited)",
					"@executable_path/Frameworks",
				);
				PRODUCT_BUNDLE_IDENTIFIER = com.scbt.Student;
				PRODUCT_NAME = "$(TARGET_NAME)";
				SWIFT_VERSION = 5.0;
				TARGETED_DEVICE_FAMILY = "1,2";
			};
			name = Release;
		};
		596E2F942254056700CAA511 /* Debug */ = {
			isa = XCBuildConfiguration;
			buildSettings = {
				ALWAYS_EMBED_SWIFT_STANDARD_LIBRARIES = YES;
				BUNDLE_LOADER = "$(TEST_HOST)";
				CODE_SIGN_STYLE = Automatic;
				INFOPLIST_FILE = StudentTests/Info.plist;
				LD_RUNPATH_SEARCH_PATHS = (
					"$(inherited)",
					"@executable_path/Frameworks",
					"@loader_path/Frameworks",
				);
				PRODUCT_BUNDLE_IDENTIFIER = com.scbt.StudentTests;
				PRODUCT_NAME = "$(TARGET_NAME)";
				SWIFT_VERSION = 5.0;
				TARGETED_DEVICE_FAMILY = "1,2";
				TEST_HOST = "$(BUILT_PRODUCTS_DIR)/Student.app/Student";
			};
			name = Debug;
		};
		596E2F952254056700CAA511 /* Release */ = {
			isa = XCBuildConfiguration;
			buildSettings = {
				ALWAYS_EMBED_SWIFT_STANDARD_LIBRARIES = YES;
				BUNDLE_LOADER = "$(TEST_HOST)";
				CODE_SIGN_STYLE = Automatic;
				INFOPLIST_FILE = StudentTests/Info.plist;
				LD_RUNPATH_SEARCH_PATHS = (
					"$(inherited)",
					"@executable_path/Frameworks",
					"@loader_path/Frameworks",
				);
				PRODUCT_BUNDLE_IDENTIFIER = com.scbt.StudentTests;
				PRODUCT_NAME = "$(TARGET_NAME)";
				SWIFT_VERSION = 5.0;
				TARGETED_DEVICE_FAMILY = "1,2";
				TEST_HOST = "$(BUILT_PRODUCTS_DIR)/Student.app/Student";
			};
			name = Release;
		};
		596E2F972254056700CAA511 /* Debug */ = {
			isa = XCBuildConfiguration;
			buildSettings = {
				ALWAYS_EMBED_SWIFT_STANDARD_LIBRARIES = YES;
				CODE_SIGN_STYLE = Automatic;
				INFOPLIST_FILE = StudentUITests/Info.plist;
				LD_RUNPATH_SEARCH_PATHS = (
					"$(inherited)",
					"@executable_path/Frameworks",
					"@loader_path/Frameworks",
				);
				PRODUCT_BUNDLE_IDENTIFIER = com.scbt.StudentUITests;
				PRODUCT_NAME = "$(TARGET_NAME)";
				SWIFT_VERSION = 5.0;
				TARGETED_DEVICE_FAMILY = "1,2";
				TEST_TARGET_NAME = Student;
			};
			name = Debug;
		};
		596E2F982254056700CAA511 /* Release */ = {
			isa = XCBuildConfiguration;
			buildSettings = {
				ALWAYS_EMBED_SWIFT_STANDARD_LIBRARIES = YES;
				CODE_SIGN_STYLE = Automatic;
				INFOPLIST_FILE = StudentUITests/Info.plist;
				LD_RUNPATH_SEARCH_PATHS = (
					"$(inherited)",
					"@executable_path/Frameworks",
					"@loader_path/Frameworks",
				);
				PRODUCT_BUNDLE_IDENTIFIER = com.scbt.StudentUITests;
				PRODUCT_NAME = "$(TARGET_NAME)";
				SWIFT_VERSION = 5.0;
				TARGETED_DEVICE_FAMILY = "1,2";
				TEST_TARGET_NAME = Student;
			};
			name = Release;
		};
/* End XCBuildConfiguration section */

/* Begin XCConfigurationList section */
		596E2F632254056500CAA511 /* Build configuration list for PBXProject "Student" */ = {
			isa = XCConfigurationList;
			buildConfigurations = (
				596E2F8E2254056700CAA511 /* Debug */,
				596E2F8F2254056700CAA511 /* Release */,
			);
			defaultConfigurationIsVisible = 0;
			defaultConfigurationName = Release;
		};
		596E2F902254056700CAA511 /* Build configuration list for PBXNativeTarget "Student" */ = {
			isa = XCConfigurationList;
			buildConfigurations = (
				596E2F912254056700CAA511 /* Debug */,
				596E2F922254056700CAA511 /* Release */,
			);
			defaultConfigurationIsVisible = 0;
			defaultConfigurationName = Release;
		};
		596E2F932254056700CAA511 /* Build configuration list for PBXNativeTarget "StudentTests" */ = {
			isa = XCConfigurationList;
			buildConfigurations = (
				596E2F942254056700CAA511 /* Debug */,
				596E2F952254056700CAA511 /* Release */,
			);
			defaultConfigurationIsVisible = 0;
			defaultConfigurationName = Release;
		};
		596E2F962254056700CAA511 /* Build configuration list for PBXNativeTarget "StudentUITests" */ = {
			isa = XCConfigurationList;
			buildConfigurations = (
				596E2F972254056700CAA511 /* Debug */,
				596E2F982254056700CAA511 /* Release */,
			);
			defaultConfigurationIsVisible = 0;
			defaultConfigurationName = Release;
		};
/* End XCConfigurationList section */
	};
	rootObject = 596E2F602254056500CAA511 /* Project object */;
}
